
Microsoft Visual Studio Solution File, Format Version 12.00
# Visual Studio Version 16
VisualStudioVersion = 25.0.1700.0
MinimumVisualStudioVersion = 10.0.40219.1
Project("{FAE04EC0-301F-11D3-BF4B-00C04F79EFBC}") = "Currency_Converter", "Currency_Converter.csproj", "{5E8C365F-DAC6-44EF-99CB-E509878CACF7}"
EndProject
Global
	GlobalSection(SolutionConfigurationPlatforms) = preSolution
		Debug|Any CPU = Debug|Any CPU
		Release|Any CPU = Release|Any CPU
	EndGlobalSection
	GlobalSection(ProjectConfigurationPlatforms) = postSolution
		{5E8C365F-DAC6-44EF-99CB-E509878CACF7}.Debug|Any CPU.ActiveCfg = Debug|Any CPU
		{5E8C365F-DAC6-44EF-99CB-E509878CACF7}.Debug|Any CPU.Build.0 = Debug|Any CPU
		{5E8C365F-DAC6-44EF-99CB-E509878CACF7}.Release|Any CPU.ActiveCfg = Release|Any CPU
		{5E8C365F-DAC6-44EF-99CB-E509878CACF7}.Release|Any CPU.Build.0 = Release|Any CPU
	EndGlobalSection
	GlobalSection(SolutionProperties) = preSolution
		HideSolutionNode = FALSE
	EndGlobalSection
	GlobalSection(ExtensibilityGlobals) = postSolution
		SolutionGuid = {CBF4046C-8229-4B02-B434-0C4ACF93F06A}
	EndGlobalSection
EndGlobal
